
Microsoft Visual Studio Solution File, Format Version 12.00
# Visual Studio Version 16
VisualStudioVersion = 16.0.29613.14
MinimumVisualStudioVersion = 10.0.40219.1
Project("{FAE04EC0-301F-11D3-BF4B-00C04F79EFBC}") = "MyDictionary", "MyDictionary\MyDictionary.csproj", "{2F2817FD-93B9-4753-B150-0FAD81CC7181}"
EndProject
Global
	GlobalSection(SolutionConfigurationPlatforms) = preSolution
		Debug|Any CPU = Debug|Any CPU
		Release|Any CPU = Release|Any CPU
	EndGlobalSection
	GlobalSection(ProjectConfigurationPlatforms) = postSolution
		{2F2817FD-93B9-4753-B150-0FAD81CC7181}.Debug|Any CPU.ActiveCfg = Debug|Any CPU
		{2F2817FD-93B9-4753-B150-0FAD81CC7181}.Debug|Any CPU.Build.0 = Debug|Any CPU
		{2F2817FD-93B9-4753-B150-0FAD81CC7181}.Release|Any CPU.ActiveCfg = Release|Any CPU
		{2F2817FD-93B9-4753-B150-0FAD81CC7181}.Release|Any CPU.Build.0 = Release|Any CPU
	EndGlobalSection
	GlobalSection(SolutionProperties) = preSolution
		HideSolutionNode = FALSE
	EndGlobalSection
	GlobalSection(ExtensibilityGlobals) = postSolution
		SolutionGuid = {B7F3176E-2524-4386-B56C-98D471143844}
	EndGlobalSection
EndGlobal
